// !$*UTF8*$!
{
	archiveVersion = 1;
	classes = {
	};
	objectVersion = 50;
	objects = {

/* Begin PBXBuildFile section */
		24E3B72B25B4C2C500627199 /* AppDelegate.swift in Sources */ = {isa = PBXBuildFile; fileRef = 24E3B72A25B4C2C500627199 /* AppDelegate.swift */; };
		24E3B72D25B4C2C500627199 /* SceneDelegate.swift in Sources */ = {isa = PBXBuildFile; fileRef = 24E3B72C25B4C2C500627199 /* SceneDelegate.swift */; };
		24E3B72F25B4C2C500627199 /* ViewController.swift in Sources */ = {isa = PBXBuildFile; fileRef = 24E3B72E25B4C2C500627199 /* ViewController.swift */; };
		24E3B73225B4C2C500627199 /* Main.storyboard in Resources */ = {isa = PBXBuildFile; fileRef = 24E3B73025B4C2C500627199 /* Main.storyboard */; };
		24E3B73425B4C2C800627199 /* Assets.xcassets in Resources */ = {isa = PBXBuildFile; fileRef = 24E3B73325B4C2C800627199 /* Assets.xcassets */; };
		24E3B73725B4C2C800627199 /* LaunchScreen.storyboard in Resources */ = {isa = PBXBuildFile; fileRef = 24E3B73525B4C2C800627199 /* LaunchScreen.storyboard */; };
		24E3B74125B4C30A00627199 /* ImgViewWithMask.swift in Sources */ = {isa = PBXBuildFile; fileRef = 24E3B74025B4C30A00627199 /* ImgViewWithMask.swift */; };
/* End PBXBuildFile section */

/* Begin PBXFileReference section */
		24E3B72725B4C2C500627199 /* MaskedImage_DEMO.app */ = {isa = PBXFileReference; explicitFileType = wrapper.application; includeInIndex = 0; path = MaskedImage_DEMO.app; sourceTree = BUILT_PRODUCTS_DIR; };
		24E3B72A25B4C2C500627199 /* AppDelegate.swift */ = {isa = PBXFileReference; lastKnownFileType = sourcecode.swift; path = AppDelegate.swift; sourceTree = "<group>"; };
		24E3B72C25B4C2C500627199 /* SceneDelegate.swift */ = {isa = PBXFileReference; lastKnownFileType = sourcecode.swift; path = SceneDelegate.swift; sourceTree = "<group>"; };
		24E3B72E25B4C2C500627199 /* ViewController.swift */ = {isa = PBXFileReference; lastKnownFileType = sourcecode.swift; path = ViewController.swift; sourceTree = "<group>"; };
		24E3B73125B4C2C500627199 /* Base */ = {isa = PBXFileReference; lastKnownFileType = file.storyboard; name = Base; path = Base.lproj/Main.storyboard; sourceTree = "<group>"; };
		24E3B73325B4C2C800627199 /* Assets.xcassets */ = {isa = PBXFileReference; lastKnownFileType = folder.assetcatalog; path = Assets.xcassets; sourceTree = "<group>"; };
		24E3B73625B4C2C800627199 /* Base */ = {isa = PBXFileReference; lastKnownFileType = file.storyboard; name = Base; path = Base.lproj/LaunchScreen.storyboard; sourceTree = "<group>"; };
		24E3B73825B4C2C800627199 /* Info.plist */ = {isa = PBXFileReference; lastKnownFileType = text.plist.xml; path = Info.plist; sourceTree = "<group>"; };
		24E3B74025B4C30A00627199 /* ImgViewWithMask.swift */ = {isa = PBXFileReference; lastKnownFileType = sourcecode.swift; path = ImgViewWithMask.swift; sourceTree = "<group>"; };
/* End PBXFileReference section */

/* Begin PBXFrameworksBuildPhase section */
		24E3B72425B4C2C500627199 /* Frameworks */ = {
			isa = PBXFrameworksBuildPhase;
			buildActionMask = 2147483647;
			files = (
			);
			runOnlyForDeploymentPostprocessing = 0;
		};
/* End PBXFrameworksBuildPhase section */

/* Begin PBXGroup section */
		24E3B71E25B4C2C500627199 = {
			isa = PBXGroup;
			children = (
				24E3B72925B4C2C500627199 /* MaskedImage_DEMO */,
				24E3B72825B4C2C500627199 /* Products */,
			);
			sourceTree = "<group>";
		};
		24E3B72825B4C2C500627199 /* Products */ = {
			isa = PBXGroup;
			children = (
				24E3B72725B4C2C500627199 /* MaskedImage_DEMO.app */,
			);
			name = Products;
			sourceTree = "<group>";
		};
		24E3B72925B4C2C500627199 /* MaskedImage_DEMO */ = {
			isa = PBXGroup;
			children = (
				24E3B72A25B4C2C500627199 /* AppDelegate.swift */,
				24E3B72C25B4C2C500627199 /* SceneDelegate.swift */,
				24E3B72E25B4C2C500627199 /* ViewController.swift */,
				24E3B74025B4C30A00627199 /* ImgViewWithMask.swift */,
				24E3B73025B4C2C500627199 /* Main.storyboard */,
				24E3B73325B4C2C800627199 /* Assets.xcassets */,
				24E3B73525B4C2C800627199 /* LaunchScreen.storyboard */,
				24E3B73825B4C2C800627199 /* Info.plist */,
			);
			path = MaskedImage_DEMO;
			sourceTree = "<group>";
		};
/* End PBXGroup section */

/* Begin PBXNativeTarget section */
		24E3B72625B4C2C500627199 /* MaskedImage_DEMO */ = {
			isa = PBXNativeTarget;
			buildConfigurationList = 24E3B73B25B4C2C800627199 /* Build configuration list for PBXNativeTarget "MaskedImage_DEMO" */;
			buildPhases = (
				24E3B72325B4C2C500627199 /* Sources */,
				24E3B72425B4C2C500627199 /* Frameworks */,
				24E3B72525B4C2C500627199 /* Resources */,
			);
			buildRules = (
			);
			dependencies = (
			);
			name = MaskedImage_DEMO;
			productName = MaskedImage_DEMO;
			productReference = 24E3B72725B4C2C500627199 /* MaskedImage_DEMO.app */;
			productType = "com.apple.product-type.application";
		};
/* End PBXNativeTarget section */

/* Begin PBXProject section */
		24E3B71F25B4C2C500627199 /* Project object */ = {
			isa = PBXProject;
			attributes = {
				LastSwiftUpdateCheck = 1230;
				LastUpgradeCheck = 1230;
				TargetAttributes = {
					24E3B72625B4C2C500627199 = {
						CreatedOnToolsVersion = 12.3;
					};
				};
			};
			buildConfigurationList = 24E3B72225B4C2C500627199 /* Build configuration list for PBXProject "MaskedImage_DEMO" */;
			compatibilityVersion = "Xcode 9.3";
			developmentRegion = en;
			hasScannedForEncodings = 0;
			knownRegions = (
				en,
				Base,
			);
			mainGroup = 24E3B71E25B4C2C500627199;
			productRefGroup = 24E3B72825B4C2C500627199 /* Products */;
			projectDirPath = "";
			projectRoot = "";
			targets = (
				24E3B72625B4C2C500627199 /* MaskedImage_DEMO */,
			);
		};
/* End PBXProject section */

/* Begin PBXResourcesBuildPhase section */
		24E3B72525B4C2C500627199 /* Resources */ = {
			isa = PBXResourcesBuildPhase;
			buildActionMask = 2147483647;
			files = (
				24E3B73725B4C2C800627199 /* LaunchScreen.storyboard in Resources */,
				24E3B73425B4C2C800627199 /* Assets.xcassets in Resources */,
				24E3B73225B4C2C500627199 /* Main.storyboard in Resources */,
			);
			runOnlyForDeploymentPostprocessing = 0;
		};
/* End PBXResourcesBuildPhase section */

/* Begin PBXSourcesBuildPhase section */
		24E3B72325B4C2C500627199 /* Sources */ = {
			isa = PBXSourcesBuildPhase;
			buildActionMask = 2147483647;
			files = (
				24E3B74125B4C30A00627199 /* ImgViewWithMask.swift in Sources */,
				24E3B72F25B4C2C500627199 /* ViewController.swift in Sources */,
				24E3B72B25B4C2C500627199 /* AppDelegate.swift in Sources */,
				24E3B72D25B4C2C500627199 /* SceneDelegate.swift in Sources */,
			);
			runOnlyForDeploymentPostprocessing = 0;
		};
/* End PBXSourcesBuildPhase section */

/* Begin PBXVariantGroup section */
		24E3B73025B4C2C500627199 /* Main.storyboard */ = {
			isa = PBXVariantGroup;
			children = (
				24E3B73125B4C2C500627199 /* Base */,
			);
			name = Main.storyboard;
			sourceTree = "<group>";
		};
		24E3B73525B4C2C800627199 /* LaunchScreen.storyboard */ = {
			isa = PBXVariantGroup;
			children = (
				24E3B73625B4C2C800627199 /* Base */,
			);
			name = LaunchScreen.storyboard;
			sourceTree = "<group>";
		};
/* End PBXVariantGroup section */

/* Begin XCBuildConfiguration section */
		24E3B73925B4C2C800627199 /* Debug */ = {
			isa = XCBuildConfiguration;
			buildSettings = {
				ALWAYS_SEARCH_USER_PATHS = NO;
				CLANG_ANALYZER_NONNULL = YES;
				CLANG_ANALYZER_NUMBER_OBJECT_CONVERSION = YES_AGGRESSIVE;
				CLANG_CXX_LANGUAGE_STANDARD = "gnu++14";
				CLANG_CXX_LIBRARY = "libc++";
				CLANG_ENABLE_MODULES = YES;
				CLANG_ENABLE_OBJC_ARC = YES;
				CLANG_ENABLE_OBJC_WEAK = YES;
				CLANG_WARN_BLOCK_CAPTURE_AUTORELEASING = YES;
				CLANG_WARN_BOOL_CONVERSION = YES;
				CLANG_WARN_COMMA = YES;
				CLANG_WARN_CONSTANT_CONVERSION = YES;
				CLANG_WARN_DEPRECATED_OBJC_IMPLEMENTATIONS = YES;
				CLANG_WARN_DIRECT_OBJC_ISA_USAGE = YES_ERROR;
				CLANG_WARN_DOCUMENTATION_COMMENTS = YES;
				CLANG_WARN_EMPTY_BODY = YES;
				CLANG_WARN_ENUM_CONVERSION = YES;
				CLANG_WARN_INFINITE_RECURSION = YES;
				CLANG_WARN_INT_CONVERSION = YES;
				CLANG_WARN_NON_LITERAL_NULL_CONVERSION = YES;
				CLANG_WARN_OBJC_IMPLICIT_RETAIN_SELF = YES;
				CLANG_WARN_OBJC_LITERAL_CONVERSION = YES;
				CLANG_WARN_OBJC_ROOT_CLASS = YES_ERROR;
				CLANG_WARN_QUOTED_INCLUDE_IN_FRAMEWORK_HEADER = YES;
				CLANG_WARN_RANGE_LOOP_ANALYSIS = YES;
				CLANG_WARN_STRICT_PROTOTYPES = YES;
				CLANG_WARN_SUSPICIOUS_MOVE = YES;
				CLANG_WARN_UNGUARDED_AVAILABILITY = YES_AGGRESSIVE;
				CLANG_WARN_UNREACHABLE_CODE = YES;
				CLANG_WARN__DUPLICATE_METHOD_MATCH = YES;
				COPY_PHASE_STRIP = NO;
				DEBUG_INFORMATION_FORMAT = dwarf;
				ENABLE_STRICT_OBJC_MSGSEND = YES;
				ENABLE_TESTABILITY = YES;
				GCC_C_LANGUAGE_STANDARD = gnu11;
				GCC_DYNAMIC_NO_PIC = NO;
				GCC_NO_COMMON_BLOCKS = YES;
				GCC_OPTIMIZATION_LEVEL = 0;
				GCC_PREPROCESSOR_DEFINITIONS = (
					"DEBUG=1",
					"$(inherited)",
				);
				GCC_WARN_64_TO_32_BIT_CONVERSION = YES;
				GCC_WARN_ABOUT_RETURN_TYPE = YES_ERROR;
				GCC_WARN_UNDECLARED_SELECTOR = YES;
				GCC_WARN_UNINITIALIZED_AUTOS = YES_AGGRESSIVE;
				GCC_WARN_UNUSED_FUNCTION = YES;
				GCC_WARN_UNUSED_VARIABLE = YES;
				IPHONEOS_DEPLOYMENT_TARGET = 14.3;
				MTL_ENABLE_DEBUG_INFO = INCLUDE_SOURCE;
				MTL_FAST_MATH = YES;
				ONLY_ACTIVE_ARCH = YES;
				SDKROOT = iphoneos;
				SWIFT_ACTIVE_COMPILATION_CONDITIONS = DEBUG;
				SWIFT_OPTIMIZATION_LEVEL = "-Onone";
			};
			name = Debug;
		};
		24E3B73A25B4C2C800627199 /* Release */ = {
			isa = XCBuildConfiguration;
			buildSettings = {
				ALWAYS_SEARCH_USER_PATHS = NO;
				CLANG_ANALYZER_NONNULL = YES;
				CLANG_ANALYZER_NUMBER_OBJECT_CONVERSION = YES_AGGRESSIVE;
				CLANG_CXX_LANGUAGE_STANDARD = "gnu++14";
				CLANG_CXX_LIBRARY = "libc++";
				CLANG_ENABLE_MODULES = YES;
				CLANG_ENABLE_OBJC_ARC = YES;
				CLANG_ENABLE_OBJC_WEAK = YES;
				CLANG_WARN_BLOCK_CAPTURE_AUTORELEASING = YES;
				CLANG_WARN_BOOL_CONVERSION = YES;
				CLANG_WARN_COMMA = YES;
				CLANG_WARN_CONSTANT_CONVERSION = YES;
				CLANG_WARN_DEPRECATED_OBJC_IMPLEMENTATIONS = YES;
				CLANG_WARN_DIRECT_OBJC_ISA_USAGE = YES_ERROR;
				CLANG_WARN_DOCUMENTATION_COMMENTS = YES;
				CLANG_WARN_EMPTY_BODY = YES;
				CLANG_WARN_ENUM_CONVERSION = YES;
				CLANG_WARN_INFINITE_RECURSION = YES;
				CLANG_WARN_INT_CONVERSION = YES;
				CLANG_WARN_NON_LITERAL_NULL_CONVERSION = YES;
				CLANG_WARN_OBJC_IMPLICIT_RETAIN_SELF = YES;
				CLANG_WARN_OBJC_LITERAL_CONVERSION = YES;
				CLANG_WARN_OBJC_ROOT_CLASS = YES_ERROR;
				CLANG_WARN_QUOTED_INCLUDE_IN_FRAMEWORK_HEADER = YES;
				CLANG_WARN_RANGE_LOOP_ANALYSIS = YES;
				CLANG_WARN_STRICT_PROTOTYPES = YES;
				CLANG_WARN_SUSPICIOUS_MOVE = YES;
				CLANG_WARN_UNGUARDED_AVAILABILITY = YES_AGGRESSIVE;
				CLANG_WARN_UNREACHABLE_CODE = YES;
				CLANG_WARN__DUPLICATE_METHOD_MATCH = YES;
				COPY_PHASE_STRIP = NO;
				DEBUG_INFORMATION_FORMAT = "dwarf-with-dsym";
				ENABLE_NS_ASSERTIONS = NO;
				ENABLE_STRICT_OBJC_MSGSEND = YES;
				GCC_C_LANGUAGE_STANDARD = gnu11;
				GCC_NO_COMMON_BLOCKS = YES;
				GCC_WARN_64_TO_32_BIT_CONVERSION = YES;
				GCC_WARN_ABOUT_RETURN_TYPE = YES_ERROR;
				GCC_WARN_UNDECLARED_SELECTOR = YES;
				GCC_WARN_UNINITIALIZED_AUTOS = YES_AGGRESSIVE;
				GCC_WARN_UNUSED_FUNCTION = YES;
				GCC_WARN_UNUSED_VARIABLE = YES;
				IPHONEOS_DEPLOYMENT_TARGET = 14.3;
				MTL_ENABLE_DEBUG_INFO = NO;
				MTL_FAST_MATH = YES;
				SDKROOT = iphoneos;
				SWIFT_COMPILATION_MODE = wholemodule;
				SWIFT_OPTIMIZATION_LEVEL = "-O";
				VALIDATE_PRODUCT = YES;
			};
			name = Release;
		};
		24E3B73C25B4C2C800627199 /* Debug */ = {
			isa = XCBuildConfiguration;
			buildSettings = {
				ASSETCATALOG_COMPILER_APPICON_NAME = AppIcon;
				ASSETCATALOG_COMPILER_GLOBAL_ACCENT_COLOR_NAME = AccentColor;
				CODE_SIGN_STYLE = Automatic;
				INFOPLIST_FILE = MaskedImage_DEMO/Info.plist;
				IPHONEOS_DEPLOYMENT_TARGET = 13.0;
				LD_RUNPATH_SEARCH_PATHS = (
					"$(inherited)",
					"@executable_path/Frameworks",
				);
				PRODUCT_BUNDLE_IDENTIFIER = "ru.am.MaskedImage-DEMO";
				PRODUCT_NAME = "$(TARGET_NAME)";
				SWIFT_VERSION = 5.0;
				TARGETED_DEVICE_FAMILY = "1,2";
			};
			name = Debug;
		};
		24E3B73D25B4C2C800627199 /* Release */ = {
			isa = XCBuildConfiguration;
			buildSettings = {
				ASSETCATALOG_COMPILER_APPICON_NAME = AppIcon;
				ASSETCATALOG_COMPILER_GLOBAL_ACCENT_COLOR_NAME = AccentColor;
				CODE_SIGN_STYLE = Automatic;
				INFOPLIST_FILE = MaskedImage_DEMO/Info.plist;
				IPHONEOS_DEPLOYMENT_TARGET = 13.0;
				LD_RUNPATH_SEARCH_PATHS = (
					"$(inherited)",
					"@executable_path/Frameworks",
				);
				PRODUCT_BUNDLE_IDENTIFIER = "ru.am.MaskedImage-DEMO";
				PRODUCT_NAME = "$(TARGET_NAME)";
				SWIFT_VERSION = 5.0;
				TARGETED_DEVICE_FAMILY = "1,2";
			};
			name = Release;
		};
/* End XCBuildConfiguration section */

/* Begin XCConfigurationList section */
		24E3B72225B4C2C500627199 /* Build configuration list for PBXProject "MaskedImage_DEMO" */ = {
			isa = XCConfigurationList;
			buildConfigurations = (
				24E3B73925B4C2C800627199 /* Debug */,
				24E3B73A25B4C2C800627199 /* Release */,
			);
			defaultConfigurationIsVisible = 0;
			defaultConfigurationName = Release;
		};
		24E3B73B25B4C2C800627199 /* Build configuration list for PBXNativeTarget "MaskedImage_DEMO" */ = {
			isa = XCConfigurationList;
			buildConfigurations = (
				24E3B73C25B4C2C800627199 /* Debug */,
				24E3B73D25B4C2C800627199 /* Release */,
			);
			defaultConfigurationIsVisible = 0;
			defaultConfigurationName = Release;
		};
/* End XCConfigurationList section */
	};
	rootObject = 24E3B71F25B4C2C500627199 /* Project object */;
}
